
Microsoft Visual Studio Solution File, Format Version 12.00
# Visual Studio 2013
VisualStudioVersion = 12.0.21005.1
MinimumVisualStudioVersion = 10.0.40219.1
Project("{8BC9CEB8-8B4A-11D0-8D11-00A0C91BC942}") = "Signal2", "Boost_libs\Boost_libs.vcxproj", "{4A7A9DC6-49F2-4FC8-9D26-C4EDA20FAC1A}"
EndProject
Project("{8BC9CEB8-8B4A-11D0-8D11-00A0C91BC942}") = "TimerCallback", "TimerCallback\TimerCallback.vcxproj", "{E6480F20-EE0B-43A3-B586-42B82E738577}"
EndProject
Project("{8BC9CEB8-8B4A-11D0-8D11-00A0C91BC942}") = "Variant_visitation", "Variant_visitation\Variant_visitation\Variant_visitation.vcxproj", "{B5D82942-8F2C-4735-BF7C-9200052C772D}"
EndProject
Global
	GlobalSection(SolutionConfigurationPlatforms) = preSolution
		Debug|Win32 = Debug|Win32
		Release|Win32 = Release|Win32
	EndGlobalSection
	GlobalSection(ProjectConfigurationPlatforms) = postSolution
		{4A7A9DC6-49F2-4FC8-9D26-C4EDA20FAC1A}.Debug|Win32.ActiveCfg = Debug|Win32
		{4A7A9DC6-49F2-4FC8-9D26-C4EDA20FAC1A}.Debug|Win32.Build.0 = Debug|Win32
		{4A7A9DC6-49F2-4FC8-9D26-C4EDA20FAC1A}.Release|Win32.ActiveCfg = Release|Win32
		{4A7A9DC6-49F2-4FC8-9D26-C4EDA20FAC1A}.Release|Win32.Build.0 = Release|Win32
		{E6480F20-EE0B-43A3-B586-42B82E738577}.Debug|Win32.ActiveCfg = Debug|Win32
		{E6480F20-EE0B-43A3-B586-42B82E738577}.Debug|Win32.Build.0 = Debug|Win32
		{E6480F20-EE0B-43A3-B586-42B82E738577}.Release|Win32.ActiveCfg = Release|Win32
		{E6480F20-EE0B-43A3-B586-42B82E738577}.Release|Win32.Build.0 = Release|Win32
		{B5D82942-8F2C-4735-BF7C-9200052C772D}.Debug|Win32.ActiveCfg = Debug|Win32
		{B5D82942-8F2C-4735-BF7C-9200052C772D}.Debug|Win32.Build.0 = Debug|Win32
		{B5D82942-8F2C-4735-BF7C-9200052C772D}.Release|Win32.ActiveCfg = Release|Win32
		{B5D82942-8F2C-4735-BF7C-9200052C772D}.Release|Win32.Build.0 = Release|Win32
	EndGlobalSection
	GlobalSection(SolutionProperties) = preSolution
		HideSolutionNode = FALSE
	EndGlobalSection
EndGlobal
